// !$*UTF8*$!
{
	archiveVersion = 1;
	classes = {
	};
	objectVersion = 56;
	objects = {

/* Begin PBXBuildFile section */
		5364B1FC2B44FCB900388006 /* SwiftChartSample.swift in Sources */ = {isa = PBXBuildFile; fileRef = 5364B1FB2B44FCB900388006 /* SwiftChartSample.swift */; };
		53D1DD602B28A211002693B3 /* fourierTransformModel.swift in Sources */ = {isa = PBXBuildFile; fileRef = 53D1DD5F2B28A211002693B3 /* fourierTransformModel.swift */; };
		53D1DD622B2922C4002693B3 /* Audio.swift in Sources */ = {isa = PBXBuildFile; fileRef = 53D1DD612B2922C4002693B3 /* Audio.swift */; };
		53D1DD662B2CA15E002693B3 /* DSP.swift in Sources */ = {isa = PBXBuildFile; fileRef = 53D1DD652B2CA15E002693B3 /* DSP.swift */; };
		53D1DD682B306E2F002693B3 /* RecView.swift in Sources */ = {isa = PBXBuildFile; fileRef = 53D1DD672B306E2F002693B3 /* RecView.swift */; };
		53D1DD6A2B306E49002693B3 /* GraphView.swift in Sources */ = {isa = PBXBuildFile; fileRef = 53D1DD692B306E49002693B3 /* GraphView.swift */; };
		53D1DD6C2B306E5B002693B3 /* SettingView.swift in Sources */ = {isa = PBXBuildFile; fileRef = 53D1DD6B2B306E5B002693B3 /* SettingView.swift */; };
		53D1DD6E2B31C158002693B3 /* RealTimeRecoderView.swift in Sources */ = {isa = PBXBuildFile; fileRef = 53D1DD6D2B31C158002693B3 /* RealTimeRecoderView.swift */; };
		53D2F5982B14D29500D77146 /* HireicaApp.swift in Sources */ = {isa = PBXBuildFile; fileRef = 53D2F5972B14D29500D77146 /* HireicaApp.swift */; };
		53D2F59A2B14D29500D77146 /* ContentView.swift in Sources */ = {isa = PBXBuildFile; fileRef = 53D2F5992B14D29500D77146 /* ContentView.swift */; };
		53D2F59C2B14D29600D77146 /* Assets.xcassets in Resources */ = {isa = PBXBuildFile; fileRef = 53D2F59B2B14D29600D77146 /* Assets.xcassets */; };
		53D2F5A02B14D29600D77146 /* Preview Assets.xcassets in Resources */ = {isa = PBXBuildFile; fileRef = 53D2F59F2B14D29600D77146 /* Preview Assets.xcassets */; };
		53D2F5AA2B14D29600D77146 /* HireicaTests.swift in Sources */ = {isa = PBXBuildFile; fileRef = 53D2F5A92B14D29600D77146 /* HireicaTests.swift */; };
		53D2F5B42B14D29600D77146 /* HireicaUITests.swift in Sources */ = {isa = PBXBuildFile; fileRef = 53D2F5B32B14D29600D77146 /* HireicaUITests.swift */; };
		53D2F5B62B14D29600D77146 /* HireicaUITestsLaunchTests.swift in Sources */ = {isa = PBXBuildFile; fileRef = 53D2F5B52B14D29600D77146 /* HireicaUITestsLaunchTests.swift */; };
		53D2F5C52B161B7500D77146 /* CaptureCameraViewModel.swift in Sources */ = {isa = PBXBuildFile; fileRef = 53D2F5C42B161B7500D77146 /* CaptureCameraViewModel.swift */; };
		53D2F5C72B1790A400D77146 /* CustomFilter.swift in Sources */ = {isa = PBXBuildFile; fileRef = 53D2F5C62B1790A400D77146 /* CustomFilter.swift */; };
/* End PBXBuildFile section */

/* Begin PBXContainerItemProxy section */
		53D2F5A62B14D29600D77146 /* PBXContainerItemProxy */ = {
			isa = PBXContainerItemProxy;
			containerPortal = 53D2F58C2B14D29500D77146 /* Project object */;
			proxyType = 1;
			remoteGlobalIDString = 53D2F5932B14D29500D77146;
			remoteInfo = Hireica;
		};
		53D2F5B02B14D29600D77146 /* PBXContainerItemProxy */ = {
			isa = PBXContainerItemProxy;
			containerPortal = 53D2F58C2B14D29500D77146 /* Project object */;
			proxyType = 1;
			remoteGlobalIDString = 53D2F5932B14D29500D77146;
			remoteInfo = Hireica;
		};
/* End PBXContainerItemProxy section */

/* Begin PBXFileReference section */
		5364B1FB2B44FCB900388006 /* SwiftChartSample.swift */ = {isa = PBXFileReference; lastKnownFileType = sourcecode.swift; path = SwiftChartSample.swift; sourceTree = "<group>"; };
		53D1DD5F2B28A211002693B3 /* fourierTransformModel.swift */ = {isa = PBXFileReference; lastKnownFileType = sourcecode.swift; path = fourierTransformModel.swift; sourceTree = "<group>"; };
		53D1DD612B2922C4002693B3 /* Audio.swift */ = {isa = PBXFileReference; lastKnownFileType = sourcecode.swift; path = Audio.swift; sourceTree = "<group>"; };
		53D1DD652B2CA15E002693B3 /* DSP.swift */ = {isa = PBXFileReference; lastKnownFileType = sourcecode.swift; path = DSP.swift; sourceTree = "<group>"; };
		53D1DD672B306E2F002693B3 /* RecView.swift */ = {isa = PBXFileReference; lastKnownFileType = sourcecode.swift; path = RecView.swift; sourceTree = "<group>"; };
		53D1DD692B306E49002693B3 /* GraphView.swift */ = {isa = PBXFileReference; lastKnownFileType = sourcecode.swift; path = GraphView.swift; sourceTree = "<group>"; };
		53D1DD6B2B306E5B002693B3 /* SettingView.swift */ = {isa = PBXFileReference; lastKnownFileType = sourcecode.swift; path = SettingView.swift; sourceTree = "<group>"; };
		53D1DD6D2B31C158002693B3 /* RealTimeRecoderView.swift */ = {isa = PBXFileReference; lastKnownFileType = sourcecode.swift; path = RealTimeRecoderView.swift; sourceTree = "<group>"; };
		53D2F5942B14D29500D77146 /* Hireica.app */ = {isa = PBXFileReference; explicitFileType = wrapper.application; includeInIndex = 0; path = Hireica.app; sourceTree = BUILT_PRODUCTS_DIR; };
		53D2F5972B14D29500D77146 /* HireicaApp.swift */ = {isa = PBXFileReference; lastKnownFileType = sourcecode.swift; path = HireicaApp.swift; sourceTree = "<group>"; };
		53D2F5992B14D29500D77146 /* ContentView.swift */ = {isa = PBXFileReference; lastKnownFileType = sourcecode.swift; path = ContentView.swift; sourceTree = "<group>"; };
		53D2F59B2B14D29600D77146 /* Assets.xcassets */ = {isa = PBXFileReference; lastKnownFileType = folder.assetcatalog; path = Assets.xcassets; sourceTree = "<group>"; };
		53D2F59D2B14D29600D77146 /* Hireica.entitlements */ = {isa = PBXFileReference; lastKnownFileType = text.plist.entitlements; path = Hireica.entitlements; sourceTree = "<group>"; };
		53D2F59F2B14D29600D77146 /* Preview Assets.xcassets */ = {isa = PBXFileReference; lastKnownFileType = folder.assetcatalog; path = "Preview Assets.xcassets"; sourceTree = "<group>"; };
		53D2F5A52B14D29600D77146 /* HireicaTests.xctest */ = {isa = PBXFileReference; explicitFileType = wrapper.cfbundle; includeInIndex = 0; path = HireicaTests.xctest; sourceTree = BUILT_PRODUCTS_DIR; };
		53D2F5A92B14D29600D77146 /* HireicaTests.swift */ = {isa = PBXFileReference; lastKnownFileType = sourcecode.swift; path = HireicaTests.swift; sourceTree = "<group>"; };
		53D2F5AF2B14D29600D77146 /* HireicaUITests.xctest */ = {isa = PBXFileReference; explicitFileType = wrapper.cfbundle; includeInIndex = 0; path = HireicaUITests.xctest; sourceTree = BUILT_PRODUCTS_DIR; };
		53D2F5B32B14D29600D77146 /* HireicaUITests.swift */ = {isa = PBXFileReference; lastKnownFileType = sourcecode.swift; path = HireicaUITests.swift; sourceTree = "<group>"; };
		53D2F5B52B14D29600D77146 /* HireicaUITestsLaunchTests.swift */ = {isa = PBXFileReference; lastKnownFileType = sourcecode.swift; path = HireicaUITestsLaunchTests.swift; sourceTree = "<group>"; };
		53D2F5C42B161B7500D77146 /* CaptureCameraViewModel.swift */ = {isa = PBXFileReference; lastKnownFileType = sourcecode.swift; path = CaptureCameraViewModel.swift; sourceTree = "<group>"; };
		53D2F5C62B1790A400D77146 /* CustomFilter.swift */ = {isa = PBXFileReference; lastKnownFileType = sourcecode.swift; path = CustomFilter.swift; sourceTree = "<group>"; };
/* End PBXFileReference section */

/* Begin PBXFrameworksBuildPhase section */
		53D2F5912B14D29500D77146 /* Frameworks */ = {
			isa = PBXFrameworksBuildPhase;
			buildActionMask = 2147483647;
			files = (
			);
			runOnlyForDeploymentPostprocessing = 0;
		};
		53D2F5A22B14D29600D77146 /* Frameworks */ = {
			isa = PBXFrameworksBuildPhase;
			buildActionMask = 2147483647;
			files = (
			);
			runOnlyForDeploymentPostprocessing = 0;
		};
		53D2F5AC2B14D29600D77146 /* Frameworks */ = {
			isa = PBXFrameworksBuildPhase;
			buildActionMask = 2147483647;
			files = (
			);
			runOnlyForDeploymentPostprocessing = 0;
		};
/* End PBXFrameworksBuildPhase section */

/* Begin PBXGroup section */
		5364B1FD2B47FAEF00388006 /* Recoder */ = {
			isa = PBXGroup;
			children = (
				53D1DD612B2922C4002693B3 /* Audio.swift */,
			);
			path = Recoder;
			sourceTree = "<group>";
		};
		5364B1FE2B47FAFB00388006 /* Camera */ = {
			isa = PBXGroup;
			children = (
				53D2F5C42B161B7500D77146 /* CaptureCameraViewModel.swift */,
				53D1DD5F2B28A211002693B3 /* fourierTransformModel.swift */,
				53D2F5C62B1790A400D77146 /* CustomFilter.swift */,
			);
			path = Camera;
			sourceTree = "<group>";
		};
		5364B1FF2B47FB0100388006 /* View */ = {
			isa = PBXGroup;
			children = (
				53D1DD692B306E49002693B3 /* GraphView.swift */,
				53D1DD6B2B306E5B002693B3 /* SettingView.swift */,
				53D1DD672B306E2F002693B3 /* RecView.swift */,
				53D1DD6D2B31C158002693B3 /* RealTimeRecoderView.swift */,
				53D2F5992B14D29500D77146 /* ContentView.swift */,
			);
			path = View;
			sourceTree = "<group>";
		};
		5364B2002B47FB5200388006 /* FFT */ = {
			isa = PBXGroup;
			children = (
				53D1DD652B2CA15E002693B3 /* DSP.swift */,
			);
			path = FFT;
			sourceTree = "<group>";
		};
		5364B2012B47FB7B00388006 /* FrequencyLogic */ = {
			isa = PBXGroup;
			children = (
			);
			path = FrequencyLogic;
			sourceTree = "<group>";
		};
		53D2F58B2B14D29500D77146 = {
			isa = PBXGroup;
			children = (
				53D2F5962B14D29500D77146 /* Hireica */,
				53D2F5A82B14D29600D77146 /* HireicaTests */,
				53D2F5B22B14D29600D77146 /* HireicaUITests */,
				53D2F5952B14D29500D77146 /* Products */,
			);
			sourceTree = "<group>";
		};
		53D2F5952B14D29500D77146 /* Products */ = {
			isa = PBXGroup;
			children = (
				53D2F5942B14D29500D77146 /* Hireica.app */,
				53D2F5A52B14D29600D77146 /* HireicaTests.xctest */,
				53D2F5AF2B14D29600D77146 /* HireicaUITests.xctest */,
			);
			name = Products;
			sourceTree = "<group>";
		};
		53D2F5962B14D29500D77146 /* Hireica */ = {
			isa = PBXGroup;
			children = (
				5364B2012B47FB7B00388006 /* FrequencyLogic */,
				5364B2002B47FB5200388006 /* FFT */,
				5364B1FF2B47FB0100388006 /* View */,
				5364B1FE2B47FAFB00388006 /* Camera */,
				5364B1FD2B47FAEF00388006 /* Recoder */,
				53D2F5972B14D29500D77146 /* HireicaApp.swift */,
				5364B1FB2B44FCB900388006 /* SwiftChartSample.swift */,
				53D2F59B2B14D29600D77146 /* Assets.xcassets */,
				53D2F59D2B14D29600D77146 /* Hireica.entitlements */,
				53D2F59E2B14D29600D77146 /* Preview Content */,
			);
			path = Hireica;
			sourceTree = "<group>";
		};
		53D2F59E2B14D29600D77146 /* Preview Content */ = {
			isa = PBXGroup;
			children = (
				53D2F59F2B14D29600D77146 /* Preview Assets.xcassets */,
			);
			path = "Preview Content";
			sourceTree = "<group>";
		};
		53D2F5A82B14D29600D77146 /* HireicaTests */ = {
			isa = PBXGroup;
			children = (
				53D2F5A92B14D29600D77146 /* HireicaTests.swift */,
			);
			path = HireicaTests;
			sourceTree = "<group>";
		};
		53D2F5B22B14D29600D77146 /* HireicaUITests */ = {
			isa = PBXGroup;
			children = (
				53D2F5B32B14D29600D77146 /* HireicaUITests.swift */,
				53D2F5B52B14D29600D77146 /* HireicaUITestsLaunchTests.swift */,
			);
			path = HireicaUITests;
			sourceTree = "<group>";
		};
/* End PBXGroup section */

/* Begin PBXNativeTarget section */
		53D2F5932B14D29500D77146 /* Hireica */ = {
			isa = PBXNativeTarget;
			buildConfigurationList = 53D2F5B92B14D29600D77146 /* Build configuration list for PBXNativeTarget "Hireica" */;
			buildPhases = (
				53D2F5902B14D29500D77146 /* Sources */,
				53D2F5912B14D29500D77146 /* Frameworks */,
				53D2F5922B14D29500D77146 /* Resources */,
			);
			buildRules = (
			);
			dependencies = (
			);
			name = Hireica;
			productName = Hireica;
			productReference = 53D2F5942B14D29500D77146 /* Hireica.app */;
			productType = "com.apple.product-type.application";
		};
		53D2F5A42B14D29600D77146 /* HireicaTests */ = {
			isa = PBXNativeTarget;
			buildConfigurationList = 53D2F5BC2B14D29600D77146 /* Build configuration list for PBXNativeTarget "HireicaTests" */;
			buildPhases = (
				53D2F5A12B14D29600D77146 /* Sources */,
				53D2F5A22B14D29600D77146 /* Frameworks */,
				53D2F5A32B14D29600D77146 /* Resources */,
			);
			buildRules = (
			);
			dependencies = (
				53D2F5A72B14D29600D77146 /* PBXTargetDependency */,
			);
			name = HireicaTests;
			productName = HireicaTests;
			productReference = 53D2F5A52B14D29600D77146 /* HireicaTests.xctest */;
			productType = "com.apple.product-type.bundle.unit-test";
		};
		53D2F5AE2B14D29600D77146 /* HireicaUITests */ = {
			isa = PBXNativeTarget;
			buildConfigurationList = 53D2F5BF2B14D29600D77146 /* Build configuration list for PBXNativeTarget "HireicaUITests" */;
			buildPhases = (
				53D2F5AB2B14D29600D77146 /* Sources */,
				53D2F5AC2B14D29600D77146 /* Frameworks */,
				53D2F5AD2B14D29600D77146 /* Resources */,
			);
			buildRules = (
			);
			dependencies = (
				53D2F5B12B14D29600D77146 /* PBXTargetDependency */,
			);
			name = HireicaUITests;
			productName = HireicaUITests;
			productReference = 53D2F5AF2B14D29600D77146 /* HireicaUITests.xctest */;
			productType = "com.apple.product-type.bundle.ui-testing";
		};
/* End PBXNativeTarget section */

/* Begin PBXProject section */
		53D2F58C2B14D29500D77146 /* Project object */ = {
			isa = PBXProject;
			attributes = {
				BuildIndependentTargetsInParallel = 1;
				LastSwiftUpdateCheck = 1500;
				LastUpgradeCheck = 1500;
				TargetAttributes = {
					53D2F5932B14D29500D77146 = {
						CreatedOnToolsVersion = 15.0.1;
					};
					53D2F5A42B14D29600D77146 = {
						CreatedOnToolsVersion = 15.0.1;
						TestTargetID = 53D2F5932B14D29500D77146;
					};
					53D2F5AE2B14D29600D77146 = {
						CreatedOnToolsVersion = 15.0.1;
						TestTargetID = 53D2F5932B14D29500D77146;
					};
				};
			};
			buildConfigurationList = 53D2F58F2B14D29500D77146 /* Build configuration list for PBXProject "Hireica" */;
			compatibilityVersion = "Xcode 14.0";
			developmentRegion = en;
			hasScannedForEncodings = 0;
			knownRegions = (
				en,
				Base,
			);
			mainGroup = 53D2F58B2B14D29500D77146;
			productRefGroup = 53D2F5952B14D29500D77146 /* Products */;
			projectDirPath = "";
			projectRoot = "";
			targets = (
				53D2F5932B14D29500D77146 /* Hireica */,
				53D2F5A42B14D29600D77146 /* HireicaTests */,
				53D2F5AE2B14D29600D77146 /* HireicaUITests */,
			);
		};
/* End PBXProject section */

/* Begin PBXResourcesBuildPhase section */
		53D2F5922B14D29500D77146 /* Resources */ = {
			isa = PBXResourcesBuildPhase;
			buildActionMask = 2147483647;
			files = (
				53D2F5A02B14D29600D77146 /* Preview Assets.xcassets in Resources */,
				53D2F59C2B14D29600D77146 /* Assets.xcassets in Resources */,
			);
			runOnlyForDeploymentPostprocessing = 0;
		};
		53D2F5A32B14D29600D77146 /* Resources */ = {
			isa = PBXResourcesBuildPhase;
			buildActionMask = 2147483647;
			files = (
			);
			runOnlyForDeploymentPostprocessing = 0;
		};
		53D2F5AD2B14D29600D77146 /* Resources */ = {
			isa = PBXResourcesBuildPhase;
			buildActionMask = 2147483647;
			files = (
			);
			runOnlyForDeploymentPostprocessing = 0;
		};
/* End PBXResourcesBuildPhase section */

/* Begin PBXSourcesBuildPhase section */
		53D2F5902B14D29500D77146 /* Sources */ = {
			isa = PBXSourcesBuildPhase;
			buildActionMask = 2147483647;
			files = (
				5364B1FC2B44FCB900388006 /* SwiftChartSample.swift in Sources */,
				53D2F59A2B14D29500D77146 /* ContentView.swift in Sources */,
				53D1DD682B306E2F002693B3 /* RecView.swift in Sources */,
				53D1DD6A2B306E49002693B3 /* GraphView.swift in Sources */,
				53D2F5982B14D29500D77146 /* HireicaApp.swift in Sources */,
				53D1DD602B28A211002693B3 /* fourierTransformModel.swift in Sources */,
				53D1DD6E2B31C158002693B3 /* RealTimeRecoderView.swift in Sources */,
				53D1DD6C2B306E5B002693B3 /* SettingView.swift in Sources */,
				53D1DD622B2922C4002693B3 /* Audio.swift in Sources */,
				53D1DD662B2CA15E002693B3 /* DSP.swift in Sources */,
				53D2F59A2B14D29500D77146 /* ContentView.swift in Sources */,
				53D2F5982B14D29500D77146 /* HireicaApp.swift in Sources */,
				53D2F5C72B1790A400D77146 /* CustomFilter.swift in Sources */,
				53D2F5C52B161B7500D77146 /* CaptureCameraViewModel.swift in Sources */,
			);
			runOnlyForDeploymentPostprocessing = 0;
		};
		53D2F5A12B14D29600D77146 /* Sources */ = {
			isa = PBXSourcesBuildPhase;
			buildActionMask = 2147483647;
			files = (
				53D2F5AA2B14D29600D77146 /* HireicaTests.swift in Sources */,
			);
			runOnlyForDeploymentPostprocessing = 0;
		};
		53D2F5AB2B14D29600D77146 /* Sources */ = {
			isa = PBXSourcesBuildPhase;
			buildActionMask = 2147483647;
			files = (
				53D2F5B62B14D29600D77146 /* HireicaUITestsLaunchTests.swift in Sources */,
				53D2F5B42B14D29600D77146 /* HireicaUITests.swift in Sources */,
			);
			runOnlyForDeploymentPostprocessing = 0;
		};
/* End PBXSourcesBuildPhase section */

/* Begin PBXTargetDependency section */
		53D2F5A72B14D29600D77146 /* PBXTargetDependency */ = {
			isa = PBXTargetDependency;
			target = 53D2F5932B14D29500D77146 /* Hireica */;
			targetProxy = 53D2F5A62B14D29600D77146 /* PBXContainerItemProxy */;
		};
		53D2F5B12B14D29600D77146 /* PBXTargetDependency */ = {
			isa = PBXTargetDependency;
			target = 53D2F5932B14D29500D77146 /* Hireica */;
			targetProxy = 53D2F5B02B14D29600D77146 /* PBXContainerItemProxy */;
		};
/* End PBXTargetDependency section */

/* Begin XCBuildConfiguration section */
		53D2F5B72B14D29600D77146 /* Debug */ = {
			isa = XCBuildConfiguration;
			buildSettings = {
				ALWAYS_SEARCH_USER_PATHS = NO;
				ASSETCATALOG_COMPILER_GENERATE_SWIFT_ASSET_SYMBOL_EXTENSIONS = YES;
				CLANG_ANALYZER_NONNULL = YES;
				CLANG_ANALYZER_NUMBER_OBJECT_CONVERSION = YES_AGGRESSIVE;
				CLANG_CXX_LANGUAGE_STANDARD = "gnu++20";
				CLANG_ENABLE_MODULES = YES;
				CLANG_ENABLE_OBJC_ARC = YES;
				CLANG_ENABLE_OBJC_WEAK = YES;
				CLANG_WARN_BLOCK_CAPTURE_AUTORELEASING = YES;
				CLANG_WARN_BOOL_CONVERSION = YES;
				CLANG_WARN_COMMA = YES;
				CLANG_WARN_CONSTANT_CONVERSION = YES;
				CLANG_WARN_DEPRECATED_OBJC_IMPLEMENTATIONS = YES;
				CLANG_WARN_DIRECT_OBJC_ISA_USAGE = YES_ERROR;
				CLANG_WARN_DOCUMENTATION_COMMENTS = YES;
				CLANG_WARN_EMPTY_BODY = YES;
				CLANG_WARN_ENUM_CONVERSION = YES;
				CLANG_WARN_INFINITE_RECURSION = YES;
				CLANG_WARN_INT_CONVERSION = YES;
				CLANG_WARN_NON_LITERAL_NULL_CONVERSION = YES;
				CLANG_WARN_OBJC_IMPLICIT_RETAIN_SELF = YES;
				CLANG_WARN_OBJC_LITERAL_CONVERSION = YES;
				CLANG_WARN_OBJC_ROOT_CLASS = YES_ERROR;
				CLANG_WARN_QUOTED_INCLUDE_IN_FRAMEWORK_HEADER = YES;
				CLANG_WARN_RANGE_LOOP_ANALYSIS = YES;
				CLANG_WARN_STRICT_PROTOTYPES = YES;
				CLANG_WARN_SUSPICIOUS_MOVE = YES;
				CLANG_WARN_UNGUARDED_AVAILABILITY = YES_AGGRESSIVE;
				CLANG_WARN_UNREACHABLE_CODE = YES;
				CLANG_WARN__DUPLICATE_METHOD_MATCH = YES;
				COPY_PHASE_STRIP = NO;
				DEBUG_INFORMATION_FORMAT = dwarf;
				ENABLE_STRICT_OBJC_MSGSEND = YES;
				ENABLE_TESTABILITY = YES;
				ENABLE_USER_SCRIPT_SANDBOXING = YES;
				GCC_C_LANGUAGE_STANDARD = gnu17;
				GCC_DYNAMIC_NO_PIC = NO;
				GCC_NO_COMMON_BLOCKS = YES;
				GCC_OPTIMIZATION_LEVEL = 0;
				GCC_PREPROCESSOR_DEFINITIONS = (
					"DEBUG=1",
					"$(inherited)",
				);
				GCC_WARN_64_TO_32_BIT_CONVERSION = YES;
				GCC_WARN_ABOUT_RETURN_TYPE = YES_ERROR;
				GCC_WARN_UNDECLARED_SELECTOR = YES;
				GCC_WARN_UNINITIALIZED_AUTOS = YES_AGGRESSIVE;
				GCC_WARN_UNUSED_FUNCTION = YES;
				GCC_WARN_UNUSED_VARIABLE = YES;
				LOCALIZATION_PREFERS_STRING_CATALOGS = YES;
				MTL_ENABLE_DEBUG_INFO = INCLUDE_SOURCE;
				MTL_FAST_MATH = YES;
				ONLY_ACTIVE_ARCH = YES;
				SWIFT_ACTIVE_COMPILATION_CONDITIONS = "DEBUG $(inherited)";
				SWIFT_OPTIMIZATION_LEVEL = "-Onone";
			};
			name = Debug;
		};
		53D2F5B82B14D29600D77146 /* Release */ = {
			isa = XCBuildConfiguration;
			buildSettings = {
				ALWAYS_SEARCH_USER_PATHS = NO;
				ASSETCATALOG_COMPILER_GENERATE_SWIFT_ASSET_SYMBOL_EXTENSIONS = YES;
				CLANG_ANALYZER_NONNULL = YES;
				CLANG_ANALYZER_NUMBER_OBJECT_CONVERSION = YES_AGGRESSIVE;
				CLANG_CXX_LANGUAGE_STANDARD = "gnu++20";
				CLANG_ENABLE_MODULES = YES;
				CLANG_ENABLE_OBJC_ARC = YES;
				CLANG_ENABLE_OBJC_WEAK = YES;
				CLANG_WARN_BLOCK_CAPTURE_AUTORELEASING = YES;
				CLANG_WARN_BOOL_CONVERSION = YES;
				CLANG_WARN_COMMA = YES;
				CLANG_WARN_CONSTANT_CONVERSION = YES;
				CLANG_WARN_DEPRECATED_OBJC_IMPLEMENTATIONS = YES;
				CLANG_WARN_DIRECT_OBJC_ISA_USAGE = YES_ERROR;
				CLANG_WARN_DOCUMENTATION_COMMENTS = YES;
				CLANG_WARN_EMPTY_BODY = YES;
				CLANG_WARN_ENUM_CONVERSION = YES;
				CLANG_WARN_INFINITE_RECURSION = YES;
				CLANG_WARN_INT_CONVERSION = YES;
				CLANG_WARN_NON_LITERAL_NULL_CONVERSION = YES;
				CLANG_WARN_OBJC_IMPLICIT_RETAIN_SELF = YES;
				CLANG_WARN_OBJC_LITERAL_CONVERSION = YES;
				CLANG_WARN_OBJC_ROOT_CLASS = YES_ERROR;
				CLANG_WARN_QUOTED_INCLUDE_IN_FRAMEWORK_HEADER = YES;
				CLANG_WARN_RANGE_LOOP_ANALYSIS = YES;
				CLANG_WARN_STRICT_PROTOTYPES = YES;
				CLANG_WARN_SUSPICIOUS_MOVE = YES;
				CLANG_WARN_UNGUARDED_AVAILABILITY = YES_AGGRESSIVE;
				CLANG_WARN_UNREACHABLE_CODE = YES;
				CLANG_WARN__DUPLICATE_METHOD_MATCH = YES;
				COPY_PHASE_STRIP = NO;
				DEBUG_INFORMATION_FORMAT = "dwarf-with-dsym";
				ENABLE_NS_ASSERTIONS = NO;
				ENABLE_STRICT_OBJC_MSGSEND = YES;
				ENABLE_USER_SCRIPT_SANDBOXING = YES;
				GCC_C_LANGUAGE_STANDARD = gnu17;
				GCC_NO_COMMON_BLOCKS = YES;
				GCC_WARN_64_TO_32_BIT_CONVERSION = YES;
				GCC_WARN_ABOUT_RETURN_TYPE = YES_ERROR;
				GCC_WARN_UNDECLARED_SELECTOR = YES;
				GCC_WARN_UNINITIALIZED_AUTOS = YES_AGGRESSIVE;
				GCC_WARN_UNUSED_FUNCTION = YES;
				GCC_WARN_UNUSED_VARIABLE = YES;
				LOCALIZATION_PREFERS_STRING_CATALOGS = YES;
				MTL_ENABLE_DEBUG_INFO = NO;
				MTL_FAST_MATH = YES;
				SWIFT_COMPILATION_MODE = wholemodule;
			};
			name = Release;
		};
		53D2F5BA2B14D29600D77146 /* Debug */ = {
			isa = XCBuildConfiguration;
			buildSettings = {
				ASSETCATALOG_COMPILER_APPICON_NAME = AppIcon;
				ASSETCATALOG_COMPILER_GLOBAL_ACCENT_COLOR_NAME = AccentColor;
				CODE_SIGN_ENTITLEMENTS = Hireica/Hireica.entitlements;
				CODE_SIGN_STYLE = Automatic;
				CURRENT_PROJECT_VERSION = 1;
				DEVELOPMENT_ASSET_PATHS = "\"Hireica/Preview Content\"";
				DEVELOPMENT_TEAM = X5LBWH4CYQ;
				ENABLE_HARDENED_RUNTIME = YES;
				ENABLE_PREVIEWS = YES;
				GENERATE_INFOPLIST_FILE = YES;
				INFOPLIST_KEY_NSCameraUsageDescription = "カメラを使用します。";
				INFOPLIST_KEY_NSMicrophoneUsageDescription = "音の周波数解析で使用します";
				INFOPLIST_KEY_NSPhotoLibraryUsageDescription = "画像をライブラリに保存します。";
				"INFOPLIST_KEY_UIApplicationSceneManifest_Generation[sdk=iphoneos*]" = YES;
				"INFOPLIST_KEY_UIApplicationSceneManifest_Generation[sdk=iphonesimulator*]" = YES;
				"INFOPLIST_KEY_UIApplicationSupportsIndirectInputEvents[sdk=iphoneos*]" = YES;
				"INFOPLIST_KEY_UIApplicationSupportsIndirectInputEvents[sdk=iphonesimulator*]" = YES;
				"INFOPLIST_KEY_UILaunchScreen_Generation[sdk=iphoneos*]" = YES;
				"INFOPLIST_KEY_UILaunchScreen_Generation[sdk=iphonesimulator*]" = YES;
				"INFOPLIST_KEY_UIStatusBarStyle[sdk=iphoneos*]" = UIStatusBarStyleDefault;
				"INFOPLIST_KEY_UIStatusBarStyle[sdk=iphonesimulator*]" = UIStatusBarStyleDefault;
				INFOPLIST_KEY_UISupportedInterfaceOrientations_iPad = "UIInterfaceOrientationPortrait UIInterfaceOrientationPortraitUpsideDown UIInterfaceOrientationLandscapeLeft UIInterfaceOrientationLandscapeRight";
				INFOPLIST_KEY_UISupportedInterfaceOrientations_iPhone = "UIInterfaceOrientationPortrait UIInterfaceOrientationLandscapeLeft UIInterfaceOrientationLandscapeRight";
				IPHONEOS_DEPLOYMENT_TARGET = 17.0;
				LD_RUNPATH_SEARCH_PATHS = "@executable_path/Frameworks";
				"LD_RUNPATH_SEARCH_PATHS[sdk=macosx*]" = "@executable_path/../Frameworks";
				MACOSX_DEPLOYMENT_TARGET = 14.0;
				MARKETING_VERSION = 1.0;
				PRODUCT_BUNDLE_IDENTIFIER = com.hiroakiapp.Hireica;
				PRODUCT_NAME = "$(TARGET_NAME)";
				SDKROOT = auto;
				SUPPORTED_PLATFORMS = "iphoneos iphonesimulator macosx";
				SWIFT_EMIT_LOC_STRINGS = YES;
				SWIFT_VERSION = 5.0;
				TARGETED_DEVICE_FAMILY = "1,2";
			};
			name = Debug;
		};
		53D2F5BB2B14D29600D77146 /* Release */ = {
			isa = XCBuildConfiguration;
			buildSettings = {
				ASSETCATALOG_COMPILER_APPICON_NAME = AppIcon;
				ASSETCATALOG_COMPILER_GLOBAL_ACCENT_COLOR_NAME = AccentColor;
				CODE_SIGN_ENTITLEMENTS = Hireica/Hireica.entitlements;
				CODE_SIGN_STYLE = Automatic;
				CURRENT_PROJECT_VERSION = 1;
				DEVELOPMENT_ASSET_PATHS = "\"Hireica/Preview Content\"";
				DEVELOPMENT_TEAM = X5LBWH4CYQ;
				ENABLE_HARDENED_RUNTIME = YES;
				ENABLE_PREVIEWS = YES;
				GENERATE_INFOPLIST_FILE = YES;
				INFOPLIST_KEY_NSCameraUsageDescription = "カメラを使用します。";
				INFOPLIST_KEY_NSMicrophoneUsageDescription = "音の周波数解析で使用します";
				INFOPLIST_KEY_NSPhotoLibraryUsageDescription = "画像をライブラリに保存します。";
				"INFOPLIST_KEY_UIApplicationSceneManifest_Generation[sdk=iphoneos*]" = YES;
				"INFOPLIST_KEY_UIApplicationSceneManifest_Generation[sdk=iphonesimulator*]" = YES;
				"INFOPLIST_KEY_UIApplicationSupportsIndirectInputEvents[sdk=iphoneos*]" = YES;
				"INFOPLIST_KEY_UIApplicationSupportsIndirectInputEvents[sdk=iphonesimulator*]" = YES;
				"INFOPLIST_KEY_UILaunchScreen_Generation[sdk=iphoneos*]" = YES;
				"INFOPLIST_KEY_UILaunchScreen_Generation[sdk=iphonesimulator*]" = YES;
				"INFOPLIST_KEY_UIStatusBarStyle[sdk=iphoneos*]" = UIStatusBarStyleDefault;
				"INFOPLIST_KEY_UIStatusBarStyle[sdk=iphonesimulator*]" = UIStatusBarStyleDefault;
				INFOPLIST_KEY_UISupportedInterfaceOrientations_iPad = "UIInterfaceOrientationPortrait UIInterfaceOrientationPortraitUpsideDown UIInterfaceOrientationLandscapeLeft UIInterfaceOrientationLandscapeRight";
				INFOPLIST_KEY_UISupportedInterfaceOrientations_iPhone = "UIInterfaceOrientationPortrait UIInterfaceOrientationLandscapeLeft UIInterfaceOrientationLandscapeRight";
				IPHONEOS_DEPLOYMENT_TARGET = 17.0;
				LD_RUNPATH_SEARCH_PATHS = "@executable_path/Frameworks";
				"LD_RUNPATH_SEARCH_PATHS[sdk=macosx*]" = "@executable_path/../Frameworks";
				MACOSX_DEPLOYMENT_TARGET = 14.0;
				MARKETING_VERSION = 1.0;
				PRODUCT_BUNDLE_IDENTIFIER = com.hiroakiapp.Hireica;
				PRODUCT_NAME = "$(TARGET_NAME)";
				SDKROOT = auto;
				SUPPORTED_PLATFORMS = "iphoneos iphonesimulator macosx";
				SWIFT_EMIT_LOC_STRINGS = YES;
				SWIFT_VERSION = 5.0;
				TARGETED_DEVICE_FAMILY = "1,2";
			};
			name = Release;
		};
		53D2F5BD2B14D29600D77146 /* Debug */ = {
			isa = XCBuildConfiguration;
			buildSettings = {
				ALWAYS_EMBED_SWIFT_STANDARD_LIBRARIES = YES;
				BUNDLE_LOADER = "$(TEST_HOST)";
				CODE_SIGN_STYLE = Automatic;
				CURRENT_PROJECT_VERSION = 1;
				DEVELOPMENT_TEAM = X5LBWH4CYQ;
				GENERATE_INFOPLIST_FILE = YES;
				IPHONEOS_DEPLOYMENT_TARGET = 17.0;
				MACOSX_DEPLOYMENT_TARGET = 14.0;
				MARKETING_VERSION = 1.0;
				PRODUCT_BUNDLE_IDENTIFIER = com.hiroakiapp.HireicaTests;
				PRODUCT_NAME = "$(TARGET_NAME)";
				SDKROOT = auto;
				SUPPORTED_PLATFORMS = "iphoneos iphonesimulator macosx";
				SWIFT_EMIT_LOC_STRINGS = NO;
				SWIFT_VERSION = 5.0;
				TARGETED_DEVICE_FAMILY = "1,2";
				TEST_HOST = "$(BUILT_PRODUCTS_DIR)/Hireica.app/$(BUNDLE_EXECUTABLE_FOLDER_PATH)/Hireica";
			};
			name = Debug;
		};
		53D2F5BE2B14D29600D77146 /* Release */ = {
			isa = XCBuildConfiguration;
			buildSettings = {
				ALWAYS_EMBED_SWIFT_STANDARD_LIBRARIES = YES;
				BUNDLE_LOADER = "$(TEST_HOST)";
				CODE_SIGN_STYLE = Automatic;
				CURRENT_PROJECT_VERSION = 1;
				DEVELOPMENT_TEAM = X5LBWH4CYQ;
				GENERATE_INFOPLIST_FILE = YES;
				IPHONEOS_DEPLOYMENT_TARGET = 17.0;
				MACOSX_DEPLOYMENT_TARGET = 14.0;
				MARKETING_VERSION = 1.0;
				PRODUCT_BUNDLE_IDENTIFIER = com.hiroakiapp.HireicaTests;
				PRODUCT_NAME = "$(TARGET_NAME)";
				SDKROOT = auto;
				SUPPORTED_PLATFORMS = "iphoneos iphonesimulator macosx";
				SWIFT_EMIT_LOC_STRINGS = NO;
				SWIFT_VERSION = 5.0;
				TARGETED_DEVICE_FAMILY = "1,2";
				TEST_HOST = "$(BUILT_PRODUCTS_DIR)/Hireica.app/$(BUNDLE_EXECUTABLE_FOLDER_PATH)/Hireica";
			};
			name = Release;
		};
		53D2F5C02B14D29600D77146 /* Debug */ = {
			isa = XCBuildConfiguration;
			buildSettings = {
				ALWAYS_EMBED_SWIFT_STANDARD_LIBRARIES = YES;
				CODE_SIGN_STYLE = Automatic;
				CURRENT_PROJECT_VERSION = 1;
				DEVELOPMENT_TEAM = X5LBWH4CYQ;
				GENERATE_INFOPLIST_FILE = YES;
				IPHONEOS_DEPLOYMENT_TARGET = 17.0;
				MACOSX_DEPLOYMENT_TARGET = 14.0;
				MARKETING_VERSION = 1.0;
				PRODUCT_BUNDLE_IDENTIFIER = com.hiroakiapp.HireicaUITests;
				PRODUCT_NAME = "$(TARGET_NAME)";
				SDKROOT = auto;
				SUPPORTED_PLATFORMS = "iphoneos iphonesimulator macosx";
				SWIFT_EMIT_LOC_STRINGS = NO;
				SWIFT_VERSION = 5.0;
				TARGETED_DEVICE_FAMILY = "1,2";
				TEST_TARGET_NAME = Hireica;
			};
			name = Debug;
		};
		53D2F5C12B14D29600D77146 /* Release */ = {
			isa = XCBuildConfiguration;
			buildSettings = {
				ALWAYS_EMBED_SWIFT_STANDARD_LIBRARIES = YES;
				CODE_SIGN_STYLE = Automatic;
				CURRENT_PROJECT_VERSION = 1;
				DEVELOPMENT_TEAM = X5LBWH4CYQ;
				GENERATE_INFOPLIST_FILE = YES;
				IPHONEOS_DEPLOYMENT_TARGET = 17.0;
				MACOSX_DEPLOYMENT_TARGET = 14.0;
				MARKETING_VERSION = 1.0;
				PRODUCT_BUNDLE_IDENTIFIER = com.hiroakiapp.HireicaUITests;
				PRODUCT_NAME = "$(TARGET_NAME)";
				SDKROOT = auto;
				SUPPORTED_PLATFORMS = "iphoneos iphonesimulator macosx";
				SWIFT_EMIT_LOC_STRINGS = NO;
				SWIFT_VERSION = 5.0;
				TARGETED_DEVICE_FAMILY = "1,2";
				TEST_TARGET_NAME = Hireica;
			};
			name = Release;
		};
/* End XCBuildConfiguration section */

/* Begin XCConfigurationList section */
		53D2F58F2B14D29500D77146 /* Build configuration list for PBXProject "Hireica" */ = {
			isa = XCConfigurationList;
			buildConfigurations = (
				53D2F5B72B14D29600D77146 /* Debug */,
				53D2F5B82B14D29600D77146 /* Release */,
			);
			defaultConfigurationIsVisible = 0;
			defaultConfigurationName = Release;
		};
		53D2F5B92B14D29600D77146 /* Build configuration list for PBXNativeTarget "Hireica" */ = {
			isa = XCConfigurationList;
			buildConfigurations = (
				53D2F5BA2B14D29600D77146 /* Debug */,
				53D2F5BB2B14D29600D77146 /* Release */,
			);
			defaultConfigurationIsVisible = 0;
			defaultConfigurationName = Release;
		};
		53D2F5BC2B14D29600D77146 /* Build configuration list for PBXNativeTarget "HireicaTests" */ = {
			isa = XCConfigurationList;
			buildConfigurations = (
				53D2F5BD2B14D29600D77146 /* Debug */,
				53D2F5BE2B14D29600D77146 /* Release */,
			);
			defaultConfigurationIsVisible = 0;
			defaultConfigurationName = Release;
		};
		53D2F5BF2B14D29600D77146 /* Build configuration list for PBXNativeTarget "HireicaUITests" */ = {
			isa = XCConfigurationList;
			buildConfigurations = (
				53D2F5C02B14D29600D77146 /* Debug */,
				53D2F5C12B14D29600D77146 /* Release */,
			);
			defaultConfigurationIsVisible = 0;
			defaultConfigurationName = Release;
		};
/* End XCConfigurationList section */
	};
	rootObject = 53D2F58C2B14D29500D77146 /* Project object */;
}
